
Microsoft Visual Studio Solution File, Format Version 12.00
# Visual Studio Version 17
VisualStudioVersion = 17.9.34723.18
MinimumVisualStudioVersion = 10.0.40219.1
Project("{FAE04EC0-301F-11D3-BF4B-00C04F79EFBC}") = "lab8.2", "lab8.2\lab8.2.csproj", "{47C1837D-D461-402F-9F20-4E1BDE5DB382}"
EndProject
Global
	GlobalSection(SolutionConfigurationPlatforms) = preSolution
		Debug|Any CPU = Debug|Any CPU
		Release|Any CPU = Release|Any CPU
	EndGlobalSection
	GlobalSection(ProjectConfigurationPlatforms) = postSolution
		{47C1837D-D461-402F-9F20-4E1BDE5DB382}.Debug|Any CPU.ActiveCfg = Debug|Any CPU
		{47C1837D-D461-402F-9F20-4E1BDE5DB382}.Debug|Any CPU.Build.0 = Debug|Any CPU
		{47C1837D-D461-402F-9F20-4E1BDE5DB382}.Release|Any CPU.ActiveCfg = Release|Any CPU
		{47C1837D-D461-402F-9F20-4E1BDE5DB382}.Release|Any CPU.Build.0 = Release|Any CPU
	EndGlobalSection
	GlobalSection(SolutionProperties) = preSolution
		HideSolutionNode = FALSE
	EndGlobalSection
	GlobalSection(ExtensibilityGlobals) = postSolution
		SolutionGuid = {870DE52F-E5FC-46BA-9FAB-514FF2253A27}
	EndGlobalSection
EndGlobal
