
Microsoft Visual Studio Solution File, Format Version 12.00
# Visual Studio Version 17
VisualStudioVersion = 17.9.34723.18
MinimumVisualStudioVersion = 10.0.40219.1
Project("{FAE04EC0-301F-11D3-BF4B-00C04F79EFBC}") = "lab9", "lab9\lab9.csproj", "{C96E8776-26D8-4F57-A94A-74488A5A984A}"
EndProject
Global
	GlobalSection(SolutionConfigurationPlatforms) = preSolution
		Debug|Any CPU = Debug|Any CPU
		Release|Any CPU = Release|Any CPU
	EndGlobalSection
	GlobalSection(ProjectConfigurationPlatforms) = postSolution
		{C96E8776-26D8-4F57-A94A-74488A5A984A}.Debug|Any CPU.ActiveCfg = Debug|Any CPU
		{C96E8776-26D8-4F57-A94A-74488A5A984A}.Debug|Any CPU.Build.0 = Debug|Any CPU
		{C96E8776-26D8-4F57-A94A-74488A5A984A}.Release|Any CPU.ActiveCfg = Release|Any CPU
		{C96E8776-26D8-4F57-A94A-74488A5A984A}.Release|Any CPU.Build.0 = Release|Any CPU
	EndGlobalSection
	GlobalSection(SolutionProperties) = preSolution
		HideSolutionNode = FALSE
	EndGlobalSection
	GlobalSection(ExtensibilityGlobals) = postSolution
		SolutionGuid = {25A2CCD9-1AC1-4D3F-8B01-26F3B26989D9}
	EndGlobalSection
EndGlobal
